
Microsoft Visual Studio Solution File, Format Version 12.00
# Visual Studio 15
VisualStudioVersion = 15.0.26124.0
MinimumVisualStudioVersion = 15.0.26124.0
Project("{2150E333-8FDC-42A3-9474-1A3956D46DE8}") = "src", "src", "{FEB11581-C75D-433A-9997-DA547B54128B}"
EndProject
Project("{FAE04EC0-301F-11D3-BF4B-00C04F79EFBC}") = "DBookStore.Book.Service", "src\DBookStore.Book.Service\DBookStore.Book.Service.csproj", "{8BC74B42-8C0E-4A74-856C-F095E071252C}"
EndProject
Project("{FAE04EC0-301F-11D3-BF4B-00C04F79EFBC}") = "DBookStore.Identity.Service", "src\DBookStore.Identity.Service\DBookStore.Identity.Service.csproj", "{260AC204-88ED-43D4-BB41-ED976DD51BAF}"
EndProject
Project("{FAE04EC0-301F-11D3-BF4B-00C04F79EFBC}") = "DBookStore.Reservation.Service", "src\DBookStore.Reservation.Service\DBookStore.Reservation.Service.csproj", "{6AD0594D-D36E-478F-B6E6-F60D746E8F51}"
EndProject
Project("{FAE04EC0-301F-11D3-BF4B-00C04F79EFBC}") = "DBookStore.Client.Api", "src\DBookStore.Client.Api\DBookStore.Client.Api.csproj", "{DB924301-4B7F-499A-83AB-DC6C454361C4}"
EndProject
Project("{FAE04EC0-301F-11D3-BF4B-00C04F79EFBC}") = "DBookStore.Common", "src\DBookStore.Common\DBookStore.Common.csproj", "{030C1361-8E27-40F0-9256-79E78C3DF062}"
EndProject
Global
	GlobalSection(SolutionConfigurationPlatforms) = preSolution
		Debug|Any CPU = Debug|Any CPU
		Debug|x64 = Debug|x64
		Debug|x86 = Debug|x86
		Release|Any CPU = Release|Any CPU
		Release|x64 = Release|x64
		Release|x86 = Release|x86
	EndGlobalSection
	GlobalSection(SolutionProperties) = preSolution
		HideSolutionNode = FALSE
	EndGlobalSection
	GlobalSection(ProjectConfigurationPlatforms) = postSolution
		{8BC74B42-8C0E-4A74-856C-F095E071252C}.Debug|Any CPU.ActiveCfg = Debug|Any CPU
		{8BC74B42-8C0E-4A74-856C-F095E071252C}.Debug|Any CPU.Build.0 = Debug|Any CPU
		{8BC74B42-8C0E-4A74-856C-F095E071252C}.Debug|x64.ActiveCfg = Debug|Any CPU
		{8BC74B42-8C0E-4A74-856C-F095E071252C}.Debug|x64.Build.0 = Debug|Any CPU
		{8BC74B42-8C0E-4A74-856C-F095E071252C}.Debug|x86.ActiveCfg = Debug|Any CPU
		{8BC74B42-8C0E-4A74-856C-F095E071252C}.Debug|x86.Build.0 = Debug|Any CPU
		{8BC74B42-8C0E-4A74-856C-F095E071252C}.Release|Any CPU.ActiveCfg = Release|Any CPU
		{8BC74B42-8C0E-4A74-856C-F095E071252C}.Release|Any CPU.Build.0 = Release|Any CPU
		{8BC74B42-8C0E-4A74-856C-F095E071252C}.Release|x64.ActiveCfg = Release|Any CPU
		{8BC74B42-8C0E-4A74-856C-F095E071252C}.Release|x64.Build.0 = Release|Any CPU
		{8BC74B42-8C0E-4A74-856C-F095E071252C}.Release|x86.ActiveCfg = Release|Any CPU
		{8BC74B42-8C0E-4A74-856C-F095E071252C}.Release|x86.Build.0 = Release|Any CPU
		{260AC204-88ED-43D4-BB41-ED976DD51BAF}.Debug|Any CPU.ActiveCfg = Debug|Any CPU
		{260AC204-88ED-43D4-BB41-ED976DD51BAF}.Debug|Any CPU.Build.0 = Debug|Any CPU
		{260AC204-88ED-43D4-BB41-ED976DD51BAF}.Debug|x64.ActiveCfg = Debug|Any CPU
		{260AC204-88ED-43D4-BB41-ED976DD51BAF}.Debug|x64.Build.0 = Debug|Any CPU
		{260AC204-88ED-43D4-BB41-ED976DD51BAF}.Debug|x86.ActiveCfg = Debug|Any CPU
		{260AC204-88ED-43D4-BB41-ED976DD51BAF}.Debug|x86.Build.0 = Debug|Any CPU
		{260AC204-88ED-43D4-BB41-ED976DD51BAF}.Release|Any CPU.ActiveCfg = Release|Any CPU
		{260AC204-88ED-43D4-BB41-ED976DD51BAF}.Release|Any CPU.Build.0 = Release|Any CPU
		{260AC204-88ED-43D4-BB41-ED976DD51BAF}.Release|x64.ActiveCfg = Release|Any CPU
		{260AC204-88ED-43D4-BB41-ED976DD51BAF}.Release|x64.Build.0 = Release|Any CPU
		{260AC204-88ED-43D4-BB41-ED976DD51BAF}.Release|x86.ActiveCfg = Release|Any CPU
		{260AC204-88ED-43D4-BB41-ED976DD51BAF}.Release|x86.Build.0 = Release|Any CPU
		{6AD0594D-D36E-478F-B6E6-F60D746E8F51}.Debug|Any CPU.ActiveCfg = Debug|Any CPU
		{6AD0594D-D36E-478F-B6E6-F60D746E8F51}.Debug|Any CPU.Build.0 = Debug|Any CPU
		{6AD0594D-D36E-478F-B6E6-F60D746E8F51}.Debug|x64.ActiveCfg = Debug|Any CPU
		{6AD0594D-D36E-478F-B6E6-F60D746E8F51}.Debug|x64.Build.0 = Debug|Any CPU
		{6AD0594D-D36E-478F-B6E6-F60D746E8F51}.Debug|x86.ActiveCfg = Debug|Any CPU
		{6AD0594D-D36E-478F-B6E6-F60D746E8F51}.Debug|x86.Build.0 = Debug|Any CPU
		{6AD0594D-D36E-478F-B6E6-F60D746E8F51}.Release|Any CPU.ActiveCfg = Release|Any CPU
		{6AD0594D-D36E-478F-B6E6-F60D746E8F51}.Release|Any CPU.Build.0 = Release|Any CPU
		{6AD0594D-D36E-478F-B6E6-F60D746E8F51}.Release|x64.ActiveCfg = Release|Any CPU
		{6AD0594D-D36E-478F-B6E6-F60D746E8F51}.Release|x64.Build.0 = Release|Any CPU
		{6AD0594D-D36E-478F-B6E6-F60D746E8F51}.Release|x86.ActiveCfg = Release|Any CPU
		{6AD0594D-D36E-478F-B6E6-F60D746E8F51}.Release|x86.Build.0 = Release|Any CPU
		{DB924301-4B7F-499A-83AB-DC6C454361C4}.Debug|Any CPU.ActiveCfg = Debug|Any CPU
		{DB924301-4B7F-499A-83AB-DC6C454361C4}.Debug|Any CPU.Build.0 = Debug|Any CPU
		{DB924301-4B7F-499A-83AB-DC6C454361C4}.Debug|x64.ActiveCfg = Debug|Any CPU
		{DB924301-4B7F-499A-83AB-DC6C454361C4}.Debug|x64.Build.0 = Debug|Any CPU
		{DB924301-4B7F-499A-83AB-DC6C454361C4}.Debug|x86.ActiveCfg = Debug|Any CPU
		{DB924301-4B7F-499A-83AB-DC6C454361C4}.Debug|x86.Build.0 = Debug|Any CPU
		{DB924301-4B7F-499A-83AB-DC6C454361C4}.Release|Any CPU.ActiveCfg = Release|Any CPU
		{DB924301-4B7F-499A-83AB-DC6C454361C4}.Release|Any CPU.Build.0 = Release|Any CPU
		{DB924301-4B7F-499A-83AB-DC6C454361C4}.Release|x64.ActiveCfg = Release|Any CPU
		{DB924301-4B7F-499A-83AB-DC6C454361C4}.Release|x64.Build.0 = Release|Any CPU
		{DB924301-4B7F-499A-83AB-DC6C454361C4}.Release|x86.ActiveCfg = Release|Any CPU
		{DB924301-4B7F-499A-83AB-DC6C454361C4}.Release|x86.Build.0 = Release|Any CPU
		{030C1361-8E27-40F0-9256-79E78C3DF062}.Debug|Any CPU.ActiveCfg = Debug|Any CPU
		{030C1361-8E27-40F0-9256-79E78C3DF062}.Debug|Any CPU.Build.0 = Debug|Any CPU
		{030C1361-8E27-40F0-9256-79E78C3DF062}.Debug|x64.ActiveCfg = Debug|Any CPU
		{030C1361-8E27-40F0-9256-79E78C3DF062}.Debug|x64.Build.0 = Debug|Any CPU
		{030C1361-8E27-40F0-9256-79E78C3DF062}.Debug|x86.ActiveCfg = Debug|Any CPU
		{030C1361-8E27-40F0-9256-79E78C3DF062}.Debug|x86.Build.0 = Debug|Any CPU
		{030C1361-8E27-40F0-9256-79E78C3DF062}.Release|Any CPU.ActiveCfg = Release|Any CPU
		{030C1361-8E27-40F0-9256-79E78C3DF062}.Release|Any CPU.Build.0 = Release|Any CPU
		{030C1361-8E27-40F0-9256-79E78C3DF062}.Release|x64.ActiveCfg = Release|Any CPU
		{030C1361-8E27-40F0-9256-79E78C3DF062}.Release|x64.Build.0 = Release|Any CPU
		{030C1361-8E27-40F0-9256-79E78C3DF062}.Release|x86.ActiveCfg = Release|Any CPU
		{030C1361-8E27-40F0-9256-79E78C3DF062}.Release|x86.Build.0 = Release|Any CPU
	EndGlobalSection
	GlobalSection(NestedProjects) = preSolution
		{8BC74B42-8C0E-4A74-856C-F095E071252C} = {FEB11581-C75D-433A-9997-DA547B54128B}
		{260AC204-88ED-43D4-BB41-ED976DD51BAF} = {FEB11581-C75D-433A-9997-DA547B54128B}
		{6AD0594D-D36E-478F-B6E6-F60D746E8F51} = {FEB11581-C75D-433A-9997-DA547B54128B}
		{DB924301-4B7F-499A-83AB-DC6C454361C4} = {FEB11581-C75D-433A-9997-DA547B54128B}
		{030C1361-8E27-40F0-9256-79E78C3DF062} = {FEB11581-C75D-433A-9997-DA547B54128B}
	EndGlobalSection
EndGlobal
