
Microsoft Visual Studio Solution File, Format Version 12.00
# Visual Studio 15
VisualStudioVersion = 15.0.26124.0
MinimumVisualStudioVersion = 15.0.26124.0
Project("{2150E333-8FDC-42A3-9474-1A3956D46DE8}") = "src", "src", "{FEB11581-C75D-433A-9997-DA547B54128B}"
EndProject
Project("{9A19103F-16F7-4668-BE54-9A1E7A4F7556}") = "DBookStore.Book.Service", "src\DBookStore.Book.Service\DBookStore.Book.Service.csproj", "{8BC74B42-8C0E-4A74-856C-F095E071252C}"
EndProject
Project("{9A19103F-16F7-4668-BE54-9A1E7A4F7556}") = "DBookStore.Identity.Service", "src\DBookStore.Identity.Service\DBookStore.Identity.Service.csproj", "{260AC204-88ED-43D4-BB41-ED976DD51BAF}"
EndProject
Project("{9A19103F-16F7-4668-BE54-9A1E7A4F7556}") = "DBookStore.Client.Api", "src\DBookStore.Client.Api\DBookStore.Client.Api.csproj", "{DB924301-4B7F-499A-83AB-DC6C454361C4}"
EndProject
Project("{9A19103F-16F7-4668-BE54-9A1E7A4F7556}") = "DBookStore.Common", "src\DBookStore.Common\DBookStore.Common.csproj", "{030C1361-8E27-40F0-9256-79E78C3DF062}"
EndProject
Project("{9A19103F-16F7-4668-BE54-9A1E7A4F7556}") = "DBookStore.Client", "src\DBookStore.Client\DBookStore.Client.csproj", "{1B047A91-9CD5-4183-9E5E-7A5A1D695E68}"
EndProject
Project("{FAE04EC0-301F-11D3-BF4B-00C04F79EFBC}") = "DBookStore.Delivery.Service", "src\DBookStore.Delivery.Service\DBookStore.Delivery.Service.csproj", "{32ABFDAA-1560-42E5-908B-8E7F7F981198}"
EndProject
Project("{FAE04EC0-301F-11D3-BF4B-00C04F79EFBC}") = "DBookStore.Payment.Service", "src\DBookStore.Payment.Service\DBookStore.Payment.Service.csproj", "{75C2855B-B30B-4892-8C79-DCE333BCB14A}"
EndProject
Project("{FAE04EC0-301F-11D3-BF4B-00C04F79EFBC}") = "DBookStore.Order.Service", "src\DBookStore.Order.Service\DBookStore.Order.Service.csproj", "{921288A2-03E3-4CB7-84DC-8A7D8370AD8C}"
EndProject
Global
	GlobalSection(SolutionConfigurationPlatforms) = preSolution
		Debug|Any CPU = Debug|Any CPU
		Debug|x64 = Debug|x64
		Debug|x86 = Debug|x86
		Release|Any CPU = Release|Any CPU
		Release|x64 = Release|x64
		Release|x86 = Release|x86
	EndGlobalSection
	GlobalSection(ProjectConfigurationPlatforms) = postSolution
		{8BC74B42-8C0E-4A74-856C-F095E071252C}.Debug|Any CPU.ActiveCfg = Debug|Any CPU
		{8BC74B42-8C0E-4A74-856C-F095E071252C}.Debug|Any CPU.Build.0 = Debug|Any CPU
		{8BC74B42-8C0E-4A74-856C-F095E071252C}.Debug|x64.ActiveCfg = Debug|Any CPU
		{8BC74B42-8C0E-4A74-856C-F095E071252C}.Debug|x64.Build.0 = Debug|Any CPU
		{8BC74B42-8C0E-4A74-856C-F095E071252C}.Debug|x86.ActiveCfg = Debug|Any CPU
		{8BC74B42-8C0E-4A74-856C-F095E071252C}.Debug|x86.Build.0 = Debug|Any CPU
		{8BC74B42-8C0E-4A74-856C-F095E071252C}.Release|Any CPU.ActiveCfg = Release|Any CPU
		{8BC74B42-8C0E-4A74-856C-F095E071252C}.Release|Any CPU.Build.0 = Release|Any CPU
		{8BC74B42-8C0E-4A74-856C-F095E071252C}.Release|x64.ActiveCfg = Release|Any CPU
		{8BC74B42-8C0E-4A74-856C-F095E071252C}.Release|x64.Build.0 = Release|Any CPU
		{8BC74B42-8C0E-4A74-856C-F095E071252C}.Release|x86.ActiveCfg = Release|Any CPU
		{8BC74B42-8C0E-4A74-856C-F095E071252C}.Release|x86.Build.0 = Release|Any CPU
		{260AC204-88ED-43D4-BB41-ED976DD51BAF}.Debug|Any CPU.ActiveCfg = Debug|Any CPU
		{260AC204-88ED-43D4-BB41-ED976DD51BAF}.Debug|Any CPU.Build.0 = Debug|Any CPU
		{260AC204-88ED-43D4-BB41-ED976DD51BAF}.Debug|x64.ActiveCfg = Debug|Any CPU
		{260AC204-88ED-43D4-BB41-ED976DD51BAF}.Debug|x64.Build.0 = Debug|Any CPU
		{260AC204-88ED-43D4-BB41-ED976DD51BAF}.Debug|x86.ActiveCfg = Debug|Any CPU
		{260AC204-88ED-43D4-BB41-ED976DD51BAF}.Debug|x86.Build.0 = Debug|Any CPU
		{260AC204-88ED-43D4-BB41-ED976DD51BAF}.Release|Any CPU.ActiveCfg = Release|Any CPU
		{260AC204-88ED-43D4-BB41-ED976DD51BAF}.Release|Any CPU.Build.0 = Release|Any CPU
		{260AC204-88ED-43D4-BB41-ED976DD51BAF}.Release|x64.ActiveCfg = Release|Any CPU
		{260AC204-88ED-43D4-BB41-ED976DD51BAF}.Release|x64.Build.0 = Release|Any CPU
		{260AC204-88ED-43D4-BB41-ED976DD51BAF}.Release|x86.ActiveCfg = Release|Any CPU
		{260AC204-88ED-43D4-BB41-ED976DD51BAF}.Release|x86.Build.0 = Release|Any CPU
		{DB924301-4B7F-499A-83AB-DC6C454361C4}.Debug|Any CPU.ActiveCfg = Debug|Any CPU
		{DB924301-4B7F-499A-83AB-DC6C454361C4}.Debug|Any CPU.Build.0 = Debug|Any CPU
		{DB924301-4B7F-499A-83AB-DC6C454361C4}.Debug|x64.ActiveCfg = Debug|Any CPU
		{DB924301-4B7F-499A-83AB-DC6C454361C4}.Debug|x64.Build.0 = Debug|Any CPU
		{DB924301-4B7F-499A-83AB-DC6C454361C4}.Debug|x86.ActiveCfg = Debug|Any CPU
		{DB924301-4B7F-499A-83AB-DC6C454361C4}.Debug|x86.Build.0 = Debug|Any CPU
		{DB924301-4B7F-499A-83AB-DC6C454361C4}.Release|Any CPU.ActiveCfg = Release|Any CPU
		{DB924301-4B7F-499A-83AB-DC6C454361C4}.Release|Any CPU.Build.0 = Release|Any CPU
		{DB924301-4B7F-499A-83AB-DC6C454361C4}.Release|x64.ActiveCfg = Release|Any CPU
		{DB924301-4B7F-499A-83AB-DC6C454361C4}.Release|x64.Build.0 = Release|Any CPU
		{DB924301-4B7F-499A-83AB-DC6C454361C4}.Release|x86.ActiveCfg = Release|Any CPU
		{DB924301-4B7F-499A-83AB-DC6C454361C4}.Release|x86.Build.0 = Release|Any CPU
		{030C1361-8E27-40F0-9256-79E78C3DF062}.Debug|Any CPU.ActiveCfg = Debug|Any CPU
		{030C1361-8E27-40F0-9256-79E78C3DF062}.Debug|Any CPU.Build.0 = Debug|Any CPU
		{030C1361-8E27-40F0-9256-79E78C3DF062}.Debug|x64.ActiveCfg = Debug|Any CPU
		{030C1361-8E27-40F0-9256-79E78C3DF062}.Debug|x64.Build.0 = Debug|Any CPU
		{030C1361-8E27-40F0-9256-79E78C3DF062}.Debug|x86.ActiveCfg = Debug|Any CPU
		{030C1361-8E27-40F0-9256-79E78C3DF062}.Debug|x86.Build.0 = Debug|Any CPU
		{030C1361-8E27-40F0-9256-79E78C3DF062}.Release|Any CPU.ActiveCfg = Release|Any CPU
		{030C1361-8E27-40F0-9256-79E78C3DF062}.Release|Any CPU.Build.0 = Release|Any CPU
		{030C1361-8E27-40F0-9256-79E78C3DF062}.Release|x64.ActiveCfg = Release|Any CPU
		{030C1361-8E27-40F0-9256-79E78C3DF062}.Release|x64.Build.0 = Release|Any CPU
		{030C1361-8E27-40F0-9256-79E78C3DF062}.Release|x86.ActiveCfg = Release|Any CPU
		{030C1361-8E27-40F0-9256-79E78C3DF062}.Release|x86.Build.0 = Release|Any CPU
		{1B047A91-9CD5-4183-9E5E-7A5A1D695E68}.Debug|Any CPU.ActiveCfg = Debug|Any CPU
		{1B047A91-9CD5-4183-9E5E-7A5A1D695E68}.Debug|Any CPU.Build.0 = Debug|Any CPU
		{1B047A91-9CD5-4183-9E5E-7A5A1D695E68}.Debug|x64.ActiveCfg = Debug|Any CPU
		{1B047A91-9CD5-4183-9E5E-7A5A1D695E68}.Debug|x64.Build.0 = Debug|Any CPU
		{1B047A91-9CD5-4183-9E5E-7A5A1D695E68}.Debug|x86.ActiveCfg = Debug|Any CPU
		{1B047A91-9CD5-4183-9E5E-7A5A1D695E68}.Debug|x86.Build.0 = Debug|Any CPU
		{1B047A91-9CD5-4183-9E5E-7A5A1D695E68}.Release|Any CPU.ActiveCfg = Release|Any CPU
		{1B047A91-9CD5-4183-9E5E-7A5A1D695E68}.Release|Any CPU.Build.0 = Release|Any CPU
		{1B047A91-9CD5-4183-9E5E-7A5A1D695E68}.Release|x64.ActiveCfg = Release|Any CPU
		{1B047A91-9CD5-4183-9E5E-7A5A1D695E68}.Release|x64.Build.0 = Release|Any CPU
		{1B047A91-9CD5-4183-9E5E-7A5A1D695E68}.Release|x86.ActiveCfg = Release|Any CPU
		{1B047A91-9CD5-4183-9E5E-7A5A1D695E68}.Release|x86.Build.0 = Release|Any CPU
		{32ABFDAA-1560-42E5-908B-8E7F7F981198}.Debug|Any CPU.ActiveCfg = Debug|Any CPU
		{32ABFDAA-1560-42E5-908B-8E7F7F981198}.Debug|Any CPU.Build.0 = Debug|Any CPU
		{32ABFDAA-1560-42E5-908B-8E7F7F981198}.Debug|x64.ActiveCfg = Debug|Any CPU
		{32ABFDAA-1560-42E5-908B-8E7F7F981198}.Debug|x64.Build.0 = Debug|Any CPU
		{32ABFDAA-1560-42E5-908B-8E7F7F981198}.Debug|x86.ActiveCfg = Debug|Any CPU
		{32ABFDAA-1560-42E5-908B-8E7F7F981198}.Debug|x86.Build.0 = Debug|Any CPU
		{32ABFDAA-1560-42E5-908B-8E7F7F981198}.Release|Any CPU.ActiveCfg = Release|Any CPU
		{32ABFDAA-1560-42E5-908B-8E7F7F981198}.Release|Any CPU.Build.0 = Release|Any CPU
		{32ABFDAA-1560-42E5-908B-8E7F7F981198}.Release|x64.ActiveCfg = Release|Any CPU
		{32ABFDAA-1560-42E5-908B-8E7F7F981198}.Release|x64.Build.0 = Release|Any CPU
		{32ABFDAA-1560-42E5-908B-8E7F7F981198}.Release|x86.ActiveCfg = Release|Any CPU
		{32ABFDAA-1560-42E5-908B-8E7F7F981198}.Release|x86.Build.0 = Release|Any CPU
		{75C2855B-B30B-4892-8C79-DCE333BCB14A}.Debug|Any CPU.ActiveCfg = Debug|Any CPU
		{75C2855B-B30B-4892-8C79-DCE333BCB14A}.Debug|Any CPU.Build.0 = Debug|Any CPU
		{75C2855B-B30B-4892-8C79-DCE333BCB14A}.Debug|x64.ActiveCfg = Debug|Any CPU
		{75C2855B-B30B-4892-8C79-DCE333BCB14A}.Debug|x64.Build.0 = Debug|Any CPU
		{75C2855B-B30B-4892-8C79-DCE333BCB14A}.Debug|x86.ActiveCfg = Debug|Any CPU
		{75C2855B-B30B-4892-8C79-DCE333BCB14A}.Debug|x86.Build.0 = Debug|Any CPU
		{75C2855B-B30B-4892-8C79-DCE333BCB14A}.Release|Any CPU.ActiveCfg = Release|Any CPU
		{75C2855B-B30B-4892-8C79-DCE333BCB14A}.Release|Any CPU.Build.0 = Release|Any CPU
		{75C2855B-B30B-4892-8C79-DCE333BCB14A}.Release|x64.ActiveCfg = Release|Any CPU
		{75C2855B-B30B-4892-8C79-DCE333BCB14A}.Release|x64.Build.0 = Release|Any CPU
		{75C2855B-B30B-4892-8C79-DCE333BCB14A}.Release|x86.ActiveCfg = Release|Any CPU
		{75C2855B-B30B-4892-8C79-DCE333BCB14A}.Release|x86.Build.0 = Release|Any CPU
		{921288A2-03E3-4CB7-84DC-8A7D8370AD8C}.Debug|Any CPU.ActiveCfg = Debug|Any CPU
		{921288A2-03E3-4CB7-84DC-8A7D8370AD8C}.Debug|Any CPU.Build.0 = Debug|Any CPU
		{921288A2-03E3-4CB7-84DC-8A7D8370AD8C}.Debug|x64.ActiveCfg = Debug|Any CPU
		{921288A2-03E3-4CB7-84DC-8A7D8370AD8C}.Debug|x64.Build.0 = Debug|Any CPU
		{921288A2-03E3-4CB7-84DC-8A7D8370AD8C}.Debug|x86.ActiveCfg = Debug|Any CPU
		{921288A2-03E3-4CB7-84DC-8A7D8370AD8C}.Debug|x86.Build.0 = Debug|Any CPU
		{921288A2-03E3-4CB7-84DC-8A7D8370AD8C}.Release|Any CPU.ActiveCfg = Release|Any CPU
		{921288A2-03E3-4CB7-84DC-8A7D8370AD8C}.Release|Any CPU.Build.0 = Release|Any CPU
		{921288A2-03E3-4CB7-84DC-8A7D8370AD8C}.Release|x64.ActiveCfg = Release|Any CPU
		{921288A2-03E3-4CB7-84DC-8A7D8370AD8C}.Release|x64.Build.0 = Release|Any CPU
		{921288A2-03E3-4CB7-84DC-8A7D8370AD8C}.Release|x86.ActiveCfg = Release|Any CPU
		{921288A2-03E3-4CB7-84DC-8A7D8370AD8C}.Release|x86.Build.0 = Release|Any CPU
	EndGlobalSection
	GlobalSection(SolutionProperties) = preSolution
		HideSolutionNode = FALSE
	EndGlobalSection
	GlobalSection(NestedProjects) = preSolution
		{8BC74B42-8C0E-4A74-856C-F095E071252C} = {FEB11581-C75D-433A-9997-DA547B54128B}
		{260AC204-88ED-43D4-BB41-ED976DD51BAF} = {FEB11581-C75D-433A-9997-DA547B54128B}
		{DB924301-4B7F-499A-83AB-DC6C454361C4} = {FEB11581-C75D-433A-9997-DA547B54128B}
		{030C1361-8E27-40F0-9256-79E78C3DF062} = {FEB11581-C75D-433A-9997-DA547B54128B}
		{32ABFDAA-1560-42E5-908B-8E7F7F981198} = {FEB11581-C75D-433A-9997-DA547B54128B}
		{75C2855B-B30B-4892-8C79-DCE333BCB14A} = {FEB11581-C75D-433A-9997-DA547B54128B}
		{921288A2-03E3-4CB7-84DC-8A7D8370AD8C} = {FEB11581-C75D-433A-9997-DA547B54128B}
	EndGlobalSection
	GlobalSection(ExtensibilityGlobals) = postSolution
		SolutionGuid = {B4C1D4BE-EA36-45DF-9926-2EBC7D064002}
	EndGlobalSection
EndGlobal
